
Microsoft Visual Studio Solution File, Format Version 12.00
# Visual Studio Version 17
VisualStudioVersion = 17.4.33213.308
MinimumVisualStudioVersion = 10.0.40219.1
Project("{FAE04EC0-301F-11D3-BF4B-00C04F79EFBC}") = "WPF_ConectarDB", "WPF_ConectarDB\WPF_ConectarDB.csproj", "{930E9FAE-3FD4-4AF1-A569-75A107CEAD91}"
EndProject
Global
	GlobalSection(SolutionConfigurationPlatforms) = preSolution
		Debug|Any CPU = Debug|Any CPU
		Release|Any CPU = Release|Any CPU
	EndGlobalSection
	GlobalSection(ProjectConfigurationPlatforms) = postSolution
		{930E9FAE-3FD4-4AF1-A569-75A107CEAD91}.Debug|Any CPU.ActiveCfg = Debug|Any CPU
		{930E9FAE-3FD4-4AF1-A569-75A107CEAD91}.Debug|Any CPU.Build.0 = Debug|Any CPU
		{930E9FAE-3FD4-4AF1-A569-75A107CEAD91}.Release|Any CPU.ActiveCfg = Release|Any CPU
		{930E9FAE-3FD4-4AF1-A569-75A107CEAD91}.Release|Any CPU.Build.0 = Release|Any CPU
	EndGlobalSection
	GlobalSection(SolutionProperties) = preSolution
		HideSolutionNode = FALSE
	EndGlobalSection
	GlobalSection(ExtensibilityGlobals) = postSolution
		SolutionGuid = {B85B81E5-DB13-423A-87AA-D7A03024C7CC}
	EndGlobalSection
EndGlobal
