
Microsoft Visual Studio Solution File, Format Version 12.00
# Visual Studio Version 17
VisualStudioVersion = 17.4.33213.308
MinimumVisualStudioVersion = 10.0.40219.1
Project("{FAE04EC0-301F-11D3-BF4B-00C04F79EFBC}") = "WPF_InsertarDatos", "WPF_InsertarDatos\WPF_InsertarDatos.csproj", "{EDDAA8E9-CD2A-4742-9AA8-684E364164DE}"
EndProject
Global
	GlobalSection(SolutionConfigurationPlatforms) = preSolution
		Debug|Any CPU = Debug|Any CPU
		Release|Any CPU = Release|Any CPU
	EndGlobalSection
	GlobalSection(ProjectConfigurationPlatforms) = postSolution
		{EDDAA8E9-CD2A-4742-9AA8-684E364164DE}.Debug|Any CPU.ActiveCfg = Debug|Any CPU
		{EDDAA8E9-CD2A-4742-9AA8-684E364164DE}.Debug|Any CPU.Build.0 = Debug|Any CPU
		{EDDAA8E9-CD2A-4742-9AA8-684E364164DE}.Release|Any CPU.ActiveCfg = Release|Any CPU
		{EDDAA8E9-CD2A-4742-9AA8-684E364164DE}.Release|Any CPU.Build.0 = Release|Any CPU
	EndGlobalSection
	GlobalSection(SolutionProperties) = preSolution
		HideSolutionNode = FALSE
	EndGlobalSection
	GlobalSection(ExtensibilityGlobals) = postSolution
		SolutionGuid = {41ABC0CB-9CB2-423F-9E9F-00AC79F18BC3}
	EndGlobalSection
EndGlobal
