
Microsoft Visual Studio Solution File, Format Version 12.00
# Visual Studio Version 17
VisualStudioVersion = 17.4.33110.190
MinimumVisualStudioVersion = 10.0.40219.1
Project("{FAE04EC0-301F-11D3-BF4B-00C04F79EFBC}") = "Examen_Alvaro_Gomez_Torres_WPF", "Examen_Alvaro_Gomez_Torres_WPF\Examen_Alvaro_Gomez_Torres_WPF.csproj", "{C1B261BC-1029-410C-B14B-C720AD413B3A}"
EndProject
Project("{54435603-DBB4-11D2-8724-00A0C9A8B90C}") = "Setup1", "Setup1\Setup1.vdproj", "{C9F31B4A-B200-4509-B0A9-503369A7B955}"
EndProject
Global
	GlobalSection(SolutionConfigurationPlatforms) = preSolution
		Debug|Any CPU = Debug|Any CPU
		Release|Any CPU = Release|Any CPU
	EndGlobalSection
	GlobalSection(ProjectConfigurationPlatforms) = postSolution
		{C1B261BC-1029-410C-B14B-C720AD413B3A}.Debug|Any CPU.ActiveCfg = Debug|Any CPU
		{C1B261BC-1029-410C-B14B-C720AD413B3A}.Debug|Any CPU.Build.0 = Debug|Any CPU
		{C1B261BC-1029-410C-B14B-C720AD413B3A}.Release|Any CPU.ActiveCfg = Release|Any CPU
		{C1B261BC-1029-410C-B14B-C720AD413B3A}.Release|Any CPU.Build.0 = Release|Any CPU
		{C9F31B4A-B200-4509-B0A9-503369A7B955}.Debug|Any CPU.ActiveCfg = Debug
		{C9F31B4A-B200-4509-B0A9-503369A7B955}.Release|Any CPU.ActiveCfg = Release
	EndGlobalSection
	GlobalSection(SolutionProperties) = preSolution
		HideSolutionNode = FALSE
	EndGlobalSection
	GlobalSection(ExtensibilityGlobals) = postSolution
		SolutionGuid = {C1C50F93-F4EE-4009-ABDA-50DB41B166B0}
	EndGlobalSection
EndGlobal
